
Microsoft Visual Studio Solution File, Format Version 12.00
# Visual Studio Version 17
VisualStudioVersion = 17.11.35312.102
MinimumVisualStudioVersion = 10.0.40219.1
Project("{2150E333-8FDC-42A3-9474-1A3956D46DE8}") = "Application", "Application", "{F2E1ADB8-EB30-4F51-8EE0-76E112E4DEED}"
EndProject
Project("{2150E333-8FDC-42A3-9474-1A3956D46DE8}") = "Core", "Core", "{565BB868-F82E-449C-BBA2-E343C11B02F4}"
EndProject
Project("{2150E333-8FDC-42A3-9474-1A3956D46DE8}") = "Infrastructure", "Infrastructure", "{DC856D8F-072D-491E-A813-74F05ABAB888}"
EndProject
Project("{2150E333-8FDC-42A3-9474-1A3956D46DE8}") = "Api", "Api", "{89486CDA-E229-438C-A218-E02514CCBAF1}"
EndProject
Project("{9A19103F-16F7-4668-BE54-9A1E7A4F7556}") = "BankingMicroservices.RabbitMQ.Demo.Banking.Core", "Api\Banking\BankingMicroservices.RabbitMQ.Demo.Banking.Core\BankingMicroservices.RabbitMQ.Demo.Banking.Core.csproj", "{8056121D-55E9-4214-8BAD-43CFE5330098}"
EndProject
Project("{9A19103F-16F7-4668-BE54-9A1E7A4F7556}") = "BankingMicroservices.RabbitMQ.Demo.Banking.Infra.Ioc", "Api\Banking\BankingMicroservices.RabbitMQ.Demo.Banking.Infra.Ioc\BankingMicroservices.RabbitMQ.Demo.Banking.Infra.Ioc.csproj", "{4C7494EA-46FD-4B5D-88F6-6A88F4EC037F}"
EndProject
Project("{9A19103F-16F7-4668-BE54-9A1E7A4F7556}") = "BankingMicroservices.RabbitMQ.Demo.Banking.Infra.Data", "Api\Banking\BankingMicroservices.RabbitMQ.Demo.Banking.Infra.Data\BankingMicroservices.RabbitMQ.Demo.Banking.Infra.Data.csproj", "{66309587-5817-4A7A-B6AE-B825AED2170D}"
EndProject
Project("{2150E333-8FDC-42A3-9474-1A3956D46DE8}") = "Transaction", "Transaction", "{08761228-2D71-417C-A6D2-57A3D19EAE46}"
EndProject
Project("{9A19103F-16F7-4668-BE54-9A1E7A4F7556}") = "BankingMicroservices.RabbitMQ.Demo.Banking.Application", "Api\Banking\BankingMicroservices.RabbitMQ.Demo.Banking.Application\BankingMicroservices.RabbitMQ.Demo.Banking.Application.csproj", "{01700E9A-9209-4AE2-9CD8-B833769E1BCE}"
EndProject
Project("{2150E333-8FDC-42A3-9474-1A3956D46DE8}") = "Notification", "Notification", "{D80F610A-6C15-48DD-9D86-BE91DD53FB39}"
EndProject
Project("{9A19103F-16F7-4668-BE54-9A1E7A4F7556}") = "BankingMicroservices.RabbitMQ.Demo.Banking.Presentation", "Api\Banking\BankingMicroservices.RabbitMQ.Demo.Banking.Presentation\BankingMicroservices.RabbitMQ.Demo.Banking.Presentation.csproj", "{B5541084-62A2-485C-9242-12AC48E20A43}"
EndProject
Project("{9A19103F-16F7-4668-BE54-9A1E7A4F7556}") = "BankingMicroservices.RabbitMQ.Demo.Core", "Core\BankingMicroservices.RabbitMQ.Demo.Core\BankingMicroservices.RabbitMQ.Demo.Core.csproj", "{107787AB-9482-46F7-A6BB-9AF21E283143}"
EndProject
Project("{9A19103F-16F7-4668-BE54-9A1E7A4F7556}") = "BankingMicroservices.RabbitMQ.Demo.Application", "Application\BankingMicroservices.RabbitMQ.Demo.Application\BankingMicroservices.RabbitMQ.Demo.Application.csproj", "{5C03A888-AB73-454F-A71B-0D8D78287C39}"
EndProject
Project("{2150E333-8FDC-42A3-9474-1A3956D46DE8}") = "Banking", "Banking", "{242C4F3F-ECBD-4EC0-96B4-36635093722F}"
EndProject
Project("{2150E333-8FDC-42A3-9474-1A3956D46DE8}") = "Application", "Application", "{4A9A0E60-6E19-4968-8663-8E12E481B1A5}"
EndProject
Project("{2150E333-8FDC-42A3-9474-1A3956D46DE8}") = "Core", "Core", "{FC10E457-B72F-491E-AC8A-90BA615A8928}"
EndProject
Project("{2150E333-8FDC-42A3-9474-1A3956D46DE8}") = "Cross-Cutting", "Cross-Cutting", "{4D63821A-BA0C-483F-96BB-3EAD1DA20599}"
EndProject
Project("{2150E333-8FDC-42A3-9474-1A3956D46DE8}") = "Infrastructure", "Infrastructure", "{743EFC78-ECD0-436C-AC68-6721AB8B2AAA}"
EndProject
Project("{2150E333-8FDC-42A3-9474-1A3956D46DE8}") = "Presentation", "Presentation", "{F464B1D8-3742-4C54-A614-8678E05D9ABE}"
EndProject
Project("{2150E333-8FDC-42A3-9474-1A3956D46DE8}") = "Application", "Application", "{9B60383B-E69F-4105-8947-C3AEAB89826A}"
EndProject
Project("{2150E333-8FDC-42A3-9474-1A3956D46DE8}") = "Core", "Core", "{1BDBF7AF-E1D1-4A1D-8CB8-BD9C3BC3A509}"
EndProject
Project("{2150E333-8FDC-42A3-9474-1A3956D46DE8}") = "Cross-Cutting", "Cross-Cutting", "{FFBBD962-2096-4FFB-8987-23668A530B3F}"
EndProject
Project("{2150E333-8FDC-42A3-9474-1A3956D46DE8}") = "Infrastructure", "Infrastructure", "{4423DE09-76AC-4A13-9210-919A3635375D}"
EndProject
Project("{2150E333-8FDC-42A3-9474-1A3956D46DE8}") = "Presentation", "Presentation", "{AD05BEA8-EDB7-42EB-8D7B-5E3C1366A94A}"
EndProject
Project("{2150E333-8FDC-42A3-9474-1A3956D46DE8}") = "Application", "Application", "{C9AD0801-568E-43CE-9B5F-7BCF7CA8C227}"
EndProject
Project("{2150E333-8FDC-42A3-9474-1A3956D46DE8}") = "Core", "Core", "{7425C759-0D5A-4C99-8318-F118DAAAC95D}"
EndProject
Project("{2150E333-8FDC-42A3-9474-1A3956D46DE8}") = "Cross-Cutting", "Cross-Cutting", "{910EBE69-5E3D-4A5C-A477-F820F3D06B57}"
EndProject
Project("{2150E333-8FDC-42A3-9474-1A3956D46DE8}") = "Infrastructure", "Infrastructure", "{E69AE62E-6C14-4CAE-BCDC-54F4AB74D017}"
EndProject
Project("{2150E333-8FDC-42A3-9474-1A3956D46DE8}") = "Presentation", "Presentation", "{1E97917A-1580-437E-97D0-7FF36375F9F1}"
EndProject
Project("{9A19103F-16F7-4668-BE54-9A1E7A4F7556}") = "BankingMicroservices.RabbitMQ.Demo.Infra.Bus", "Infrastructure\BankingMicroservices.RabbitMQ.Demo.Infra.Bus\BankingMicroservices.RabbitMQ.Demo.Infra.Bus.csproj", "{09A795D8-01A1-4FE6-91F8-8DAFCA7D966F}"
EndProject
Project("{2150E333-8FDC-42A3-9474-1A3956D46DE8}") = "Cross-Cutting", "Cross-Cutting", "{D23B0B57-A9FC-40AB-BD73-0123221727C6}"
EndProject
Project("{2150E333-8FDC-42A3-9474-1A3956D46DE8}") = "Presentation", "Presentation", "{ECE6D392-8D23-452A-958C-5A31D6D42113}"
EndProject
Project("{9A19103F-16F7-4668-BE54-9A1E7A4F7556}") = "BankingMicroservices.RabbitMQ.Demo.Infra.Ioc", "BankingMicroservices.RabbitMQ.Demo.Infra.Data\BankingMicroservices.RabbitMQ.Demo.Infra.Ioc.csproj", "{78C7C7A5-E1E2-4D3E-957E-E0AA21792CF8}"
EndProject
Project("{9A19103F-16F7-4668-BE54-9A1E7A4F7556}") = "BankingMicroservices.RabbitMQ.Demo.Presentation", "BankingMicroservices.RabbitMQ.Demo.Presentation\BankingMicroservices.RabbitMQ.Demo.Presentation.csproj", "{2D7517D7-BD1B-4D76-8F96-EF8BB1C49885}"
EndProject
Project("{FAE04EC0-301F-11D3-BF4B-00C04F79EFBC}") = "BankingMicroservices.RabbitMQ.Demo.Transaction.Application", "BankingMicroservices.RabbitMQ.Demo.Transaction.Application\BankingMicroservices.RabbitMQ.Demo.Transaction.Application.csproj", "{AEBFFDB1-ACBE-4244-9435-B18F453E6D46}"
EndProject
Global
	GlobalSection(SolutionConfigurationPlatforms) = preSolution
		Debug|Any CPU = Debug|Any CPU
		Release|Any CPU = Release|Any CPU
	EndGlobalSection
	GlobalSection(ProjectConfigurationPlatforms) = postSolution
		{8056121D-55E9-4214-8BAD-43CFE5330098}.Debug|Any CPU.ActiveCfg = Debug|Any CPU
		{8056121D-55E9-4214-8BAD-43CFE5330098}.Debug|Any CPU.Build.0 = Debug|Any CPU
		{8056121D-55E9-4214-8BAD-43CFE5330098}.Release|Any CPU.ActiveCfg = Release|Any CPU
		{8056121D-55E9-4214-8BAD-43CFE5330098}.Release|Any CPU.Build.0 = Release|Any CPU
		{4C7494EA-46FD-4B5D-88F6-6A88F4EC037F}.Debug|Any CPU.ActiveCfg = Debug|Any CPU
		{4C7494EA-46FD-4B5D-88F6-6A88F4EC037F}.Debug|Any CPU.Build.0 = Debug|Any CPU
		{4C7494EA-46FD-4B5D-88F6-6A88F4EC037F}.Release|Any CPU.ActiveCfg = Release|Any CPU
		{4C7494EA-46FD-4B5D-88F6-6A88F4EC037F}.Release|Any CPU.Build.0 = Release|Any CPU
		{66309587-5817-4A7A-B6AE-B825AED2170D}.Debug|Any CPU.ActiveCfg = Debug|Any CPU
		{66309587-5817-4A7A-B6AE-B825AED2170D}.Debug|Any CPU.Build.0 = Debug|Any CPU
		{66309587-5817-4A7A-B6AE-B825AED2170D}.Release|Any CPU.ActiveCfg = Release|Any CPU
		{66309587-5817-4A7A-B6AE-B825AED2170D}.Release|Any CPU.Build.0 = Release|Any CPU
		{01700E9A-9209-4AE2-9CD8-B833769E1BCE}.Debug|Any CPU.ActiveCfg = Debug|Any CPU
		{01700E9A-9209-4AE2-9CD8-B833769E1BCE}.Debug|Any CPU.Build.0 = Debug|Any CPU
		{01700E9A-9209-4AE2-9CD8-B833769E1BCE}.Release|Any CPU.ActiveCfg = Release|Any CPU
		{01700E9A-9209-4AE2-9CD8-B833769E1BCE}.Release|Any CPU.Build.0 = Release|Any CPU
		{B5541084-62A2-485C-9242-12AC48E20A43}.Debug|Any CPU.ActiveCfg = Debug|Any CPU
		{B5541084-62A2-485C-9242-12AC48E20A43}.Debug|Any CPU.Build.0 = Debug|Any CPU
		{B5541084-62A2-485C-9242-12AC48E20A43}.Release|Any CPU.ActiveCfg = Release|Any CPU
		{B5541084-62A2-485C-9242-12AC48E20A43}.Release|Any CPU.Build.0 = Release|Any CPU
		{107787AB-9482-46F7-A6BB-9AF21E283143}.Debug|Any CPU.ActiveCfg = Debug|Any CPU
		{107787AB-9482-46F7-A6BB-9AF21E283143}.Debug|Any CPU.Build.0 = Debug|Any CPU
		{107787AB-9482-46F7-A6BB-9AF21E283143}.Release|Any CPU.ActiveCfg = Release|Any CPU
		{107787AB-9482-46F7-A6BB-9AF21E283143}.Release|Any CPU.Build.0 = Release|Any CPU
		{5C03A888-AB73-454F-A71B-0D8D78287C39}.Debug|Any CPU.ActiveCfg = Debug|Any CPU
		{5C03A888-AB73-454F-A71B-0D8D78287C39}.Debug|Any CPU.Build.0 = Debug|Any CPU
		{5C03A888-AB73-454F-A71B-0D8D78287C39}.Release|Any CPU.ActiveCfg = Release|Any CPU
		{5C03A888-AB73-454F-A71B-0D8D78287C39}.Release|Any CPU.Build.0 = Release|Any CPU
		{09A795D8-01A1-4FE6-91F8-8DAFCA7D966F}.Debug|Any CPU.ActiveCfg = Debug|Any CPU
		{09A795D8-01A1-4FE6-91F8-8DAFCA7D966F}.Debug|Any CPU.Build.0 = Debug|Any CPU
		{09A795D8-01A1-4FE6-91F8-8DAFCA7D966F}.Release|Any CPU.ActiveCfg = Release|Any CPU
		{09A795D8-01A1-4FE6-91F8-8DAFCA7D966F}.Release|Any CPU.Build.0 = Release|Any CPU
		{78C7C7A5-E1E2-4D3E-957E-E0AA21792CF8}.Debug|Any CPU.ActiveCfg = Debug|Any CPU
		{78C7C7A5-E1E2-4D3E-957E-E0AA21792CF8}.Debug|Any CPU.Build.0 = Debug|Any CPU
		{78C7C7A5-E1E2-4D3E-957E-E0AA21792CF8}.Release|Any CPU.ActiveCfg = Release|Any CPU
		{78C7C7A5-E1E2-4D3E-957E-E0AA21792CF8}.Release|Any CPU.Build.0 = Release|Any CPU
		{2D7517D7-BD1B-4D76-8F96-EF8BB1C49885}.Debug|Any CPU.ActiveCfg = Debug|Any CPU
		{2D7517D7-BD1B-4D76-8F96-EF8BB1C49885}.Debug|Any CPU.Build.0 = Debug|Any CPU
		{2D7517D7-BD1B-4D76-8F96-EF8BB1C49885}.Release|Any CPU.ActiveCfg = Release|Any CPU
		{2D7517D7-BD1B-4D76-8F96-EF8BB1C49885}.Release|Any CPU.Build.0 = Release|Any CPU
		{AEBFFDB1-ACBE-4244-9435-B18F453E6D46}.Debug|Any CPU.ActiveCfg = Debug|Any CPU
		{AEBFFDB1-ACBE-4244-9435-B18F453E6D46}.Debug|Any CPU.Build.0 = Debug|Any CPU
		{AEBFFDB1-ACBE-4244-9435-B18F453E6D46}.Release|Any CPU.ActiveCfg = Release|Any CPU
		{AEBFFDB1-ACBE-4244-9435-B18F453E6D46}.Release|Any CPU.Build.0 = Release|Any CPU
	EndGlobalSection
	GlobalSection(SolutionProperties) = preSolution
		HideSolutionNode = FALSE
	EndGlobalSection
	GlobalSection(NestedProjects) = preSolution
		{8056121D-55E9-4214-8BAD-43CFE5330098} = {FC10E457-B72F-491E-AC8A-90BA615A8928}
		{4C7494EA-46FD-4B5D-88F6-6A88F4EC037F} = {4D63821A-BA0C-483F-96BB-3EAD1DA20599}
		{66309587-5817-4A7A-B6AE-B825AED2170D} = {743EFC78-ECD0-436C-AC68-6721AB8B2AAA}
		{08761228-2D71-417C-A6D2-57A3D19EAE46} = {89486CDA-E229-438C-A218-E02514CCBAF1}
		{01700E9A-9209-4AE2-9CD8-B833769E1BCE} = {4A9A0E60-6E19-4968-8663-8E12E481B1A5}
		{D80F610A-6C15-48DD-9D86-BE91DD53FB39} = {89486CDA-E229-438C-A218-E02514CCBAF1}
		{B5541084-62A2-485C-9242-12AC48E20A43} = {F464B1D8-3742-4C54-A614-8678E05D9ABE}
		{107787AB-9482-46F7-A6BB-9AF21E283143} = {565BB868-F82E-449C-BBA2-E343C11B02F4}
		{5C03A888-AB73-454F-A71B-0D8D78287C39} = {F2E1ADB8-EB30-4F51-8EE0-76E112E4DEED}
		{242C4F3F-ECBD-4EC0-96B4-36635093722F} = {89486CDA-E229-438C-A218-E02514CCBAF1}
		{4A9A0E60-6E19-4968-8663-8E12E481B1A5} = {242C4F3F-ECBD-4EC0-96B4-36635093722F}
		{FC10E457-B72F-491E-AC8A-90BA615A8928} = {242C4F3F-ECBD-4EC0-96B4-36635093722F}
		{4D63821A-BA0C-483F-96BB-3EAD1DA20599} = {242C4F3F-ECBD-4EC0-96B4-36635093722F}
		{743EFC78-ECD0-436C-AC68-6721AB8B2AAA} = {242C4F3F-ECBD-4EC0-96B4-36635093722F}
		{F464B1D8-3742-4C54-A614-8678E05D9ABE} = {242C4F3F-ECBD-4EC0-96B4-36635093722F}
		{9B60383B-E69F-4105-8947-C3AEAB89826A} = {D80F610A-6C15-48DD-9D86-BE91DD53FB39}
		{1BDBF7AF-E1D1-4A1D-8CB8-BD9C3BC3A509} = {D80F610A-6C15-48DD-9D86-BE91DD53FB39}
		{FFBBD962-2096-4FFB-8987-23668A530B3F} = {D80F610A-6C15-48DD-9D86-BE91DD53FB39}
		{4423DE09-76AC-4A13-9210-919A3635375D} = {D80F610A-6C15-48DD-9D86-BE91DD53FB39}
		{AD05BEA8-EDB7-42EB-8D7B-5E3C1366A94A} = {D80F610A-6C15-48DD-9D86-BE91DD53FB39}
		{C9AD0801-568E-43CE-9B5F-7BCF7CA8C227} = {08761228-2D71-417C-A6D2-57A3D19EAE46}
		{7425C759-0D5A-4C99-8318-F118DAAAC95D} = {08761228-2D71-417C-A6D2-57A3D19EAE46}
		{910EBE69-5E3D-4A5C-A477-F820F3D06B57} = {08761228-2D71-417C-A6D2-57A3D19EAE46}
		{E69AE62E-6C14-4CAE-BCDC-54F4AB74D017} = {08761228-2D71-417C-A6D2-57A3D19EAE46}
		{1E97917A-1580-437E-97D0-7FF36375F9F1} = {08761228-2D71-417C-A6D2-57A3D19EAE46}
		{09A795D8-01A1-4FE6-91F8-8DAFCA7D966F} = {DC856D8F-072D-491E-A813-74F05ABAB888}
		{78C7C7A5-E1E2-4D3E-957E-E0AA21792CF8} = {D23B0B57-A9FC-40AB-BD73-0123221727C6}
		{2D7517D7-BD1B-4D76-8F96-EF8BB1C49885} = {ECE6D392-8D23-452A-958C-5A31D6D42113}
		{AEBFFDB1-ACBE-4244-9435-B18F453E6D46} = {C9AD0801-568E-43CE-9B5F-7BCF7CA8C227}
	EndGlobalSection
	GlobalSection(ExtensibilityGlobals) = postSolution
		SolutionGuid = {EDCD93C2-4707-46F8-9287-9CBCA574EE90}
	EndGlobalSection
EndGlobal
