
Microsoft Visual Studio Solution File, Format Version 12.00
# Visual Studio Version 17
VisualStudioVersion = 17.11.35312.102
MinimumVisualStudioVersion = 10.0.40219.1
Project("{2150E333-8FDC-42A3-9474-1A3956D46DE8}") = "Application", "Application", "{F2E1ADB8-EB30-4F51-8EE0-76E112E4DEED}"
EndProject
Project("{2150E333-8FDC-42A3-9474-1A3956D46DE8}") = "Core", "Core", "{565BB868-F82E-449C-BBA2-E343C11B02F4}"
EndProject
Project("{2150E333-8FDC-42A3-9474-1A3956D46DE8}") = "Cross-Cutting", "Cross-Cutting", "{37B9963D-E88C-4B81-BFC8-8335AC5A27D0}"
EndProject
Project("{2150E333-8FDC-42A3-9474-1A3956D46DE8}") = "Infrastructure", "Infrastructure", "{DC856D8F-072D-491E-A813-74F05ABAB888}"
EndProject
Project("{2150E333-8FDC-42A3-9474-1A3956D46DE8}") = "Presentation", "Presentation", "{14960304-13B6-4334-90B0-65813940D0F2}"
EndProject
Project("{2150E333-8FDC-42A3-9474-1A3956D46DE8}") = "Microservices", "Microservices", "{89486CDA-E229-438C-A218-E02514CCBAF1}"
EndProject
Project("{2150E333-8FDC-42A3-9474-1A3956D46DE8}") = "Solution Items", "Solution Items", "{1E656626-2509-4BB0-9A26-C23393D44471}"
EndProject
Project("{FAE04EC0-301F-11D3-BF4B-00C04F79EFBC}") = "BankingMicroservices.RabbitMQ.Demo.Application", "BankingMicroservices.RabbitMQ.Demo.Application\BankingMicroservices.RabbitMQ.Demo.Application.csproj", "{0B7D8149-3502-4D5B-97AB-BC67A6FE6C4C}"
EndProject
Global
	GlobalSection(SolutionConfigurationPlatforms) = preSolution
		Debug|Any CPU = Debug|Any CPU
		Release|Any CPU = Release|Any CPU
	EndGlobalSection
	GlobalSection(ProjectConfigurationPlatforms) = postSolution
		{0B7D8149-3502-4D5B-97AB-BC67A6FE6C4C}.Debug|Any CPU.ActiveCfg = Debug|Any CPU
		{0B7D8149-3502-4D5B-97AB-BC67A6FE6C4C}.Debug|Any CPU.Build.0 = Debug|Any CPU
		{0B7D8149-3502-4D5B-97AB-BC67A6FE6C4C}.Release|Any CPU.ActiveCfg = Release|Any CPU
		{0B7D8149-3502-4D5B-97AB-BC67A6FE6C4C}.Release|Any CPU.Build.0 = Release|Any CPU
	EndGlobalSection
	GlobalSection(SolutionProperties) = preSolution
		HideSolutionNode = FALSE
	EndGlobalSection
	GlobalSection(NestedProjects) = preSolution
		{1E656626-2509-4BB0-9A26-C23393D44471} = {F2E1ADB8-EB30-4F51-8EE0-76E112E4DEED}
		{0B7D8149-3502-4D5B-97AB-BC67A6FE6C4C} = {1E656626-2509-4BB0-9A26-C23393D44471}
	EndGlobalSection
	GlobalSection(ExtensibilityGlobals) = postSolution
		SolutionGuid = {EDCD93C2-4707-46F8-9287-9CBCA574EE90}
	EndGlobalSection
EndGlobal
